// !$*UTF8*$!
{
	archiveVersion = 1;
	classes = {
	};
	objectVersion = 46;
	objects = {

/* Begin PBXBuildFile section */
		59D1855E1CE6BD15003C14FB /* AppDelegate.swift in Sources */ = {isa = PBXBuildFile; fileRef = 59D1855D1CE6BD15003C14FB /* AppDelegate.swift */; };
		59D185601CE6BD15003C14FB /* ViewController.swift in Sources */ = {isa = PBXBuildFile; fileRef = 59D1855F1CE6BD15003C14FB /* ViewController.swift */; };
		59D185631CE6BD15003C14FB /* Main.storyboard in Resources */ = {isa = PBXBuildFile; fileRef = 59D185611CE6BD15003C14FB /* Main.storyboard */; };
		59D185651CE6BD15003C14FB /* Assets.xcassets in Resources */ = {isa = PBXBuildFile; fileRef = 59D185641CE6BD15003C14FB /* Assets.xcassets */; };
		59D185681CE6BD15003C14FB /* LaunchScreen.storyboard in Resources */ = {isa = PBXBuildFile; fileRef = 59D185661CE6BD15003C14FB /* LaunchScreen.storyboard */; };
/* End PBXBuildFile section */

/* Begin PBXFileReference section */
		59D1855A1CE6BD15003C14FB /* weebyChat.app */ = {isa = PBXFileReference; explicitFileType = wrapper.application; includeInIndex = 0; path = weebyChat.app; sourceTree = BUILT_PRODUCTS_DIR; };
		59D1855D1CE6BD15003C14FB /* AppDelegate.swift */ = {isa = PBXFileReference; lastKnownFileType = sourcecode.swift; path = AppDelegate.swift; sourceTree = "<group>"; };
		59D1855F1CE6BD15003C14FB /* ViewController.swift */ = {isa = PBXFileReference; lastKnownFileType = sourcecode.swift; path = ViewController.swift; sourceTree = "<group>"; };
		59D185621CE6BD15003C14FB /* Base */ = {isa = PBXFileReference; lastKnownFileType = file.storyboard; name = Base; path = Base.lproj/Main.storyboard; sourceTree = "<group>"; };
		59D185641CE6BD15003C14FB /* Assets.xcassets */ = {isa = PBXFileReference; lastKnownFileType = folder.assetcatalog; path = Assets.xcassets; sourceTree = "<group>"; };
		59D185671CE6BD15003C14FB /* Base */ = {isa = PBXFileReference; lastKnownFileType = file.storyboard; name = Base; path = Base.lproj/LaunchScreen.storyboard; sourceTree = "<group>"; };
		59D185691CE6BD15003C14FB /* Info.plist */ = {isa = PBXFileReference; lastKnownFileType = text.plist.xml; path = Info.plist; sourceTree = "<group>"; };
/* End PBXFileReference section */

/* Begin PBXFrameworksBuildPhase section */
		59D185571CE6BD15003C14FB /* Frameworks */ = {
			isa = PBXFrameworksBuildPhase;
			buildActionMask = 2147483647;
			files = (
			);
			runOnlyForDeploymentPostprocessing = 0;
		};
/* End PBXFrameworksBuildPhase section */

/* Begin PBXGroup section */
		59D185511CE6BD15003C14FB = {
			isa = PBXGroup;
			children = (
				59D1855C1CE6BD15003C14FB /* weebyChat */,
				59D1855B1CE6BD15003C14FB /* Products */,
			);
			sourceTree = "<group>";
		};
		59D1855B1CE6BD15003C14FB /* Products */ = {
			isa = PBXGroup;
			children = (
				59D1855A1CE6BD15003C14FB /* weebyChat.app */,
			);
			name = Products;
			sourceTree = "<group>";
		};
		59D1855C1CE6BD15003C14FB /* weebyChat */ = {
			isa = PBXGroup;
			children = (
				59D1855D1CE6BD15003C14FB /* AppDelegate.swift */,
				59D1855F1CE6BD15003C14FB /* ViewController.swift */,
				59D185611CE6BD15003C14FB /* Main.storyboard */,
				59D185641CE6BD15003C14FB /* Assets.xcassets */,
				59D185661CE6BD15003C14FB /* LaunchScreen.storyboard */,
				59D185691CE6BD15003C14FB /* Info.plist */,
			);
			path = weebyChat;
			sourceTree = "<group>";
		};
/* End PBXGroup section */

/* Begin PBXNativeTarget section */
		59D185591CE6BD15003C14FB /* weebyChat */ = {
			isa = PBXNativeTarget;
			buildConfigurationList = 59D1856C1CE6BD15003C14FB /* Build configuration list for PBXNativeTarget "weebyChat" */;
			buildPhases = (
				59D185561CE6BD15003C14FB /* Sources */,
				59D185571CE6BD15003C14FB /* Frameworks */,
				59D185581CE6BD15003C14FB /* Resources */,
			);
			buildRules = (
			);
			dependencies = (
			);
			name = weebyChat;
			productName = weebyChat;
			productReference = 59D1855A1CE6BD15003C14FB /* weebyChat.app */;
			productType = "com.apple.product-type.application";
		};
/* End PBXNativeTarget section */

/* Begin PBXProject section */
		59D185521CE6BD15003C14FB /* Project object */ = {
			isa = PBXProject;
			attributes = {
				LastSwiftUpdateCheck = 0730;
				LastUpgradeCheck = 0730;
				ORGANIZATIONNAME = "Nithin Reddy Gaddam";
				TargetAttributes = {
					59D185591CE6BD15003C14FB = {
						CreatedOnToolsVersion = 7.3;
						DevelopmentTeam = 4Z8GLS9K7U;
					};
				};
			};
			buildConfigurationList = 59D185551CE6BD15003C14FB /* Build configuration list for PBXProject "weebyChat" */;
			compatibilityVersion = "Xcode 3.2";
			developmentRegion = English;
			hasScannedForEncodings = 0;
			knownRegions = (
				en,
				Base,
			);
			mainGroup = 59D185511CE6BD15003C14FB;
			productRefGroup = 59D1855B1CE6BD15003C14FB /* Products */;
			projectDirPath = "";
			projectRoot = "";
			targets = (
				59D185591CE6BD15003C14FB /* weebyChat */,
			);
		};
/* End PBXProject section */

/* Begin PBXResourcesBuildPhase section */
		59D185581CE6BD15003C14FB /* Resources */ = {
			isa = PBXResourcesBuildPhase;
			buildActionMask = 2147483647;
			files = (
				59D185681CE6BD15003C14FB /* LaunchScreen.storyboard in Resources */,
				59D185651CE6BD15003C14FB /* Assets.xcassets in Resources */,
				59D185631CE6BD15003C14FB /* Main.storyboard in Resources */,
			);
			runOnlyForDeploymentPostprocessing = 0;
		};
/* End PBXResourcesBuildPhase section */

/* Begin PBXSourcesBuildPhase section */
		59D185561CE6BD15003C14FB /* Sources */ = {
			isa = PBXSourcesBuildPhase;
			buildActionMask = 2147483647;
			files = (
				59D185601CE6BD15003C14FB /* ViewController.swift in Sources */,
				59D1855E1CE6BD15003C14FB /* AppDelegate.swift in Sources */,
			);
			runOnlyForDeploymentPostprocessing = 0;
		};
/* End PBXSourcesBuildPhase section */

/* Begin PBXVariantGroup section */
		59D185611CE6BD15003C14FB /* Main.storyboard */ = {
			isa = PBXVariantGroup;
			children = (
				59D185621CE6BD15003C14FB /* Base */,
			);
			name = Main.storyboard;
			sourceTree = "<group>";
		};
		59D185661CE6BD15003C14FB /* LaunchScreen.storyboard */ = {
			isa = PBXVariantGroup;
			children = (
				59D185671CE6BD15003C14FB /* Base */,
			);
			name = LaunchScreen.storyboard;
			sourceTree = "<group>";
		};
/* End PBXVariantGroup section */

/* Begin XCBuildConfiguration section */
		59D1856A1CE6BD15003C14FB /* Debug */ = {
			isa = XCBuildConfiguration;
			buildSettings = {
				ALWAYS_SEARCH_USER_PATHS = NO;
				CLANG_ANALYZER_NONNULL = YES;
				CLANG_CXX_LANGUAGE_STANDARD = "gnu++0x";
				CLANG_CXX_LIBRARY = "libc++";
				CLANG_ENABLE_MODULES = YES;
				CLANG_ENABLE_OBJC_ARC = YES;
				CLANG_WARN_BOOL_CONVERSION = YES;
				CLANG_WARN_CONSTANT_CONVERSION = YES;
				CLANG_WARN_DIRECT_OBJC_ISA_USAGE = YES_ERROR;
				CLANG_WARN_EMPTY_BODY = YES;
				CLANG_WARN_ENUM_CONVERSION = YES;
				CLANG_WARN_INT_CONVERSION = YES;
				CLANG_WARN_OBJC_ROOT_CLASS = YES_ERROR;
				CLANG_WARN_UNREACHABLE_CODE = YES;
				CLANG_WARN__DUPLICATE_METHOD_MATCH = YES;
				"CODE_SIGN_IDENTITY[sdk=iphoneos*]" = "iPhone Developer";
				COPY_PHASE_STRIP = NO;
				DEBUG_INFORMATION_FORMAT = dwarf;
				ENABLE_STRICT_OBJC_MSGSEND = YES;
				ENABLE_TESTABILITY = YES;
				GCC_C_LANGUAGE_STANDARD = gnu99;
				GCC_DYNAMIC_NO_PIC = NO;
				GCC_NO_COMMON_BLOCKS = YES;
				GCC_OPTIMIZATION_LEVEL = 0;
				GCC_PREPROCESSOR_DEFINITIONS = (
					"DEBUG=1",
					"$(inherited)",
				);
				GCC_WARN_64_TO_32_BIT_CONVERSION = YES;
				GCC_WARN_ABOUT_RETURN_TYPE = YES_ERROR;
				GCC_WARN_UNDECLARED_SELECTOR = YES;
				GCC_WARN_UNINITIALIZED_AUTOS = YES_AGGRESSIVE;
				GCC_WARN_UNUSED_FUNCTION = YES;
				GCC_WARN_UNUSED_VARIABLE = YES;
				IPHONEOS_DEPLOYMENT_TARGET = 9.3;
				MTL_ENABLE_DEBUG_INFO = YES;
				ONLY_ACTIVE_ARCH = YES;
				SDKROOT = iphoneos;
				SWIFT_OPTIMIZATION_LEVEL = "-Onone";
			};
			name = Debug;
		};
		59D1856B1CE6BD15003C14FB /* Release */ = {
			isa = XCBuildConfiguration;
			buildSettings = {
				ALWAYS_SEARCH_USER_PATHS = NO;
				CLANG_ANALYZER_NONNULL = YES;
				CLANG_CXX_LANGUAGE_STANDARD = "gnu++0x";
				CLANG_CXX_LIBRARY = "libc++";
				CLANG_ENABLE_MODULES = YES;
				CLANG_ENABLE_OBJC_ARC = YES;
				CLANG_WARN_BOOL_CONVERSION = YES;
				CLANG_WARN_CONSTANT_CONVERSION = YES;
				CLANG_WARN_DIRECT_OBJC_ISA_USAGE = YES_ERROR;
				CLANG_WARN_EMPTY_BODY = YES;
				CLANG_WARN_ENUM_CONVERSION = YES;
				CLANG_WARN_INT_CONVERSION = YES;
				CLANG_WARN_OBJC_ROOT_CLASS = YES_ERROR;
				CLANG_WARN_UNREACHABLE_CODE = YES;
				CLANG_WARN__DUPLICATE_METHOD_MATCH = YES;
				"CODE_SIGN_IDENTITY[sdk=iphoneos*]" = "iPhone Developer";
				COPY_PHASE_STRIP = NO;
				DEBUG_INFORMATION_FORMAT = "dwarf-with-dsym";
				ENABLE_NS_ASSERTIONS = NO;
				ENABLE_STRICT_OBJC_MSGSEND = YES;
				GCC_C_LANGUAGE_STANDARD = gnu99;
				GCC_NO_COMMON_BLOCKS = YES;
				GCC_WARN_64_TO_32_BIT_CONVERSION = YES;
				GCC_WARN_ABOUT_RETURN_TYPE = YES_ERROR;
				GCC_WARN_UNDECLARED_SELECTOR = YES;
				GCC_WARN_UNINITIALIZED_AUTOS = YES_AGGRESSIVE;
				GCC_WARN_UNUSED_FUNCTION = YES;
				GCC_WARN_UNUSED_VARIABLE = YES;
				IPHONEOS_DEPLOYMENT_TARGET = 9.3;
				MTL_ENABLE_DEBUG_INFO = NO;
				SDKROOT = iphoneos;
				VALIDATE_PRODUCT = YES;
			};
			name = Release;
		};
		59D1856D1CE6BD15003C14FB /* Debug */ = {
			isa = XCBuildConfiguration;
			buildSettings = {
				ASSETCATALOG_COMPILER_APPICON_NAME = AppIcon;
				INFOPLIST_FILE = weebyChat/Info.plist;
				LD_RUNPATH_SEARCH_PATHS = "$(inherited) @executable_path/Frameworks";
				PRODUCT_BUNDLE_IDENTIFIER = nrg.inc.weebyChat;
				PRODUCT_NAME = "$(TARGET_NAME)";
			};
			name = Debug;
		};
		59D1856E1CE6BD15003C14FB /* Release */ = {
			isa = XCBuildConfiguration;
			buildSettings = {
				ASSETCATALOG_COMPILER_APPICON_NAME = AppIcon;
				INFOPLIST_FILE = weebyChat/Info.plist;
				LD_RUNPATH_SEARCH_PATHS = "$(inherited) @executable_path/Frameworks";
				PRODUCT_BUNDLE_IDENTIFIER = nrg.inc.weebyChat;
				PRODUCT_NAME = "$(TARGET_NAME)";
			};
			name = Release;
		};
/* End XCBuildConfiguration section */

/* Begin XCConfigurationList section */
		59D185551CE6BD15003C14FB /* Build configuration list for PBXProject "weebyChat" */ = {
			isa = XCConfigurationList;
			buildConfigurations = (
				59D1856A1CE6BD15003C14FB /* Debug */,
				59D1856B1CE6BD15003C14FB /* Release */,
			);
			defaultConfigurationIsVisible = 0;
			defaultConfigurationName = Release;
		};
		59D1856C1CE6BD15003C14FB /* Build configuration list for PBXNativeTarget "weebyChat" */ = {
			isa = XCConfigurationList;
			buildConfigurations = (
				59D1856D1CE6BD15003C14FB /* Debug */,
				59D1856E1CE6BD15003C14FB /* Release */,
			);
			defaultConfigurationIsVisible = 0;
		};
/* End XCConfigurationList section */
	};
	rootObject = 59D185521CE6BD15003C14FB /* Project object */;
}
